
Microsoft Visual Studio Solution File, Format Version 12.00
# Visual Studio Version 17
VisualStudioVersion = 17.4.33213.308
MinimumVisualStudioVersion = 10.0.40219.1
Project("{FAE04EC0-301F-11D3-BF4B-00C04F79EFBC}") = "Mood_Analyzer", "Mood_Analyzer\Mood_Analyzer.csproj", "{96CA00C0-6FA9-41EF-ACBD-E7646F078AD8}"
EndProject
Global
	GlobalSection(SolutionConfigurationPlatforms) = preSolution
		Debug|Any CPU = Debug|Any CPU
		Release|Any CPU = Release|Any CPU
	EndGlobalSection
	GlobalSection(ProjectConfigurationPlatforms) = postSolution
		{96CA00C0-6FA9-41EF-ACBD-E7646F078AD8}.Debug|Any CPU.ActiveCfg = Debug|Any CPU
		{96CA00C0-6FA9-41EF-ACBD-E7646F078AD8}.Debug|Any CPU.Build.0 = Debug|Any CPU
		{96CA00C0-6FA9-41EF-ACBD-E7646F078AD8}.Release|Any CPU.ActiveCfg = Release|Any CPU
		{96CA00C0-6FA9-41EF-ACBD-E7646F078AD8}.Release|Any CPU.Build.0 = Release|Any CPU
	EndGlobalSection
	GlobalSection(SolutionProperties) = preSolution
		HideSolutionNode = FALSE
	EndGlobalSection
	GlobalSection(ExtensibilityGlobals) = postSolution
		SolutionGuid = {724296BC-ABD0-48FC-9BD3-95E032DB2199}
	EndGlobalSection
EndGlobal
